
Microsoft Visual Studio Solution File, Format Version 12.00
# Visual Studio Version 16
VisualStudioVersion = 16.0.31624.102
MinimumVisualStudioVersion = 10.0.40219.1
Project("{FAE04EC0-301F-11D3-BF4B-00C04F79EFBC}") = "WFA_AutomatedCreation", "WFA_AutomatedCreation\WFA_AutomatedCreation.csproj", "{F463A0CB-397E-4593-86BF-4C822AEB5F7C}"
EndProject
Global
	GlobalSection(SolutionConfigurationPlatforms) = preSolution
		Debug|Any CPU = Debug|Any CPU
		Release|Any CPU = Release|Any CPU
	EndGlobalSection
	GlobalSection(ProjectConfigurationPlatforms) = postSolution
		{F463A0CB-397E-4593-86BF-4C822AEB5F7C}.Debug|Any CPU.ActiveCfg = Debug|Any CPU
		{F463A0CB-397E-4593-86BF-4C822AEB5F7C}.Debug|Any CPU.Build.0 = Debug|Any CPU
		{F463A0CB-397E-4593-86BF-4C822AEB5F7C}.Release|Any CPU.ActiveCfg = Release|Any CPU
		{F463A0CB-397E-4593-86BF-4C822AEB5F7C}.Release|Any CPU.Build.0 = Release|Any CPU
	EndGlobalSection
	GlobalSection(SolutionProperties) = preSolution
		HideSolutionNode = FALSE
	EndGlobalSection
	GlobalSection(ExtensibilityGlobals) = postSolution
		SolutionGuid = {7E8185DC-E392-4BDC-8E90-AA01A5D91DA3}
	EndGlobalSection
EndGlobal
